// !$*UTF8*$!
{
	archiveVersion = 1;
	classes = {
	};
	objectVersion = 50;
	objects = {

/* Begin PBXBuildFile section */
		9913601E22AF989100B8B8CB /* AppDelegate.m in Sources */ = {isa = PBXBuildFile; fileRef = 9913601D22AF989100B8B8CB /* AppDelegate.m */; };
		9913602122AF989100B8B8CB /* ViewController.m in Sources */ = {isa = PBXBuildFile; fileRef = 9913602022AF989100B8B8CB /* ViewController.m */; };
		9913602422AF989100B8B8CB /* Main.storyboard in Resources */ = {isa = PBXBuildFile; fileRef = 9913602222AF989100B8B8CB /* Main.storyboard */; };
		9913602622AF989200B8B8CB /* Assets.xcassets in Resources */ = {isa = PBXBuildFile; fileRef = 9913602522AF989200B8B8CB /* Assets.xcassets */; };
		9913602922AF989200B8B8CB /* LaunchScreen.storyboard in Resources */ = {isa = PBXBuildFile; fileRef = 9913602722AF989200B8B8CB /* LaunchScreen.storyboard */; };
		9913602C22AF989200B8B8CB /* main.m in Sources */ = {isa = PBXBuildFile; fileRef = 9913602B22AF989200B8B8CB /* main.m */; };
		9913603622AF989200B8B8CB /* GCDPerformTests.m in Sources */ = {isa = PBXBuildFile; fileRef = 9913603522AF989200B8B8CB /* GCDPerformTests.m */; };
		9913604122AF989200B8B8CB /* GCDPerformUITests.m in Sources */ = {isa = PBXBuildFile; fileRef = 9913604022AF989200B8B8CB /* GCDPerformUITests.m */; };
/* End PBXBuildFile section */

/* Begin PBXContainerItemProxy section */
		9913603222AF989200B8B8CB /* PBXContainerItemProxy */ = {
			isa = PBXContainerItemProxy;
			containerPortal = 9913601122AF989100B8B8CB /* Project object */;
			proxyType = 1;
			remoteGlobalIDString = 9913601822AF989100B8B8CB;
			remoteInfo = GCDPerform;
		};
		9913603D22AF989200B8B8CB /* PBXContainerItemProxy */ = {
			isa = PBXContainerItemProxy;
			containerPortal = 9913601122AF989100B8B8CB /* Project object */;
			proxyType = 1;
			remoteGlobalIDString = 9913601822AF989100B8B8CB;
			remoteInfo = GCDPerform;
		};
/* End PBXContainerItemProxy section */

/* Begin PBXFileReference section */
		9913601922AF989100B8B8CB /* GCDPerform.app */ = {isa = PBXFileReference; explicitFileType = wrapper.application; includeInIndex = 0; path = GCDPerform.app; sourceTree = BUILT_PRODUCTS_DIR; };
		9913601C22AF989100B8B8CB /* AppDelegate.h */ = {isa = PBXFileReference; lastKnownFileType = sourcecode.c.h; path = AppDelegate.h; sourceTree = "<group>"; };
		9913601D22AF989100B8B8CB /* AppDelegate.m */ = {isa = PBXFileReference; lastKnownFileType = sourcecode.c.objc; path = AppDelegate.m; sourceTree = "<group>"; };
		9913601F22AF989100B8B8CB /* ViewController.h */ = {isa = PBXFileReference; lastKnownFileType = sourcecode.c.h; path = ViewController.h; sourceTree = "<group>"; };
		9913602022AF989100B8B8CB /* ViewController.m */ = {isa = PBXFileReference; lastKnownFileType = sourcecode.c.objc; path = ViewController.m; sourceTree = "<group>"; };
		9913602322AF989100B8B8CB /* Base */ = {isa = PBXFileReference; lastKnownFileType = file.storyboard; name = Base; path = Base.lproj/Main.storyboard; sourceTree = "<group>"; };
		9913602522AF989200B8B8CB /* Assets.xcassets */ = {isa = PBXFileReference; lastKnownFileType = folder.assetcatalog; path = Assets.xcassets; sourceTree = "<group>"; };
		9913602822AF989200B8B8CB /* Base */ = {isa = PBXFileReference; lastKnownFileType = file.storyboard; name = Base; path = Base.lproj/LaunchScreen.storyboard; sourceTree = "<group>"; };
		9913602A22AF989200B8B8CB /* Info.plist */ = {isa = PBXFileReference; lastKnownFileType = text.plist.xml; path = Info.plist; sourceTree = "<group>"; };
		9913602B22AF989200B8B8CB /* main.m */ = {isa = PBXFileReference; lastKnownFileType = sourcecode.c.objc; path = main.m; sourceTree = "<group>"; };
		9913603122AF989200B8B8CB /* GCDPerformTests.xctest */ = {isa = PBXFileReference; explicitFileType = wrapper.cfbundle; includeInIndex = 0; path = GCDPerformTests.xctest; sourceTree = BUILT_PRODUCTS_DIR; };
		9913603522AF989200B8B8CB /* GCDPerformTests.m */ = {isa = PBXFileReference; lastKnownFileType = sourcecode.c.objc; path = GCDPerformTests.m; sourceTree = "<group>"; };
		9913603722AF989200B8B8CB /* Info.plist */ = {isa = PBXFileReference; lastKnownFileType = text.plist.xml; path = Info.plist; sourceTree = "<group>"; };
		9913603C22AF989200B8B8CB /* GCDPerformUITests.xctest */ = {isa = PBXFileReference; explicitFileType = wrapper.cfbundle; includeInIndex = 0; path = GCDPerformUITests.xctest; sourceTree = BUILT_PRODUCTS_DIR; };
		9913604022AF989200B8B8CB /* GCDPerformUITests.m */ = {isa = PBXFileReference; lastKnownFileType = sourcecode.c.objc; path = GCDPerformUITests.m; sourceTree = "<group>"; };
		9913604222AF989200B8B8CB /* Info.plist */ = {isa = PBXFileReference; lastKnownFileType = text.plist.xml; path = Info.plist; sourceTree = "<group>"; };
/* End PBXFileReference section */

/* Begin PBXFrameworksBuildPhase section */
		9913601622AF989100B8B8CB /* Frameworks */ = {
			isa = PBXFrameworksBuildPhase;
			buildActionMask = 2147483647;
			files = (
			);
			runOnlyForDeploymentPostprocessing = 0;
		};
		9913602E22AF989200B8B8CB /* Frameworks */ = {
			isa = PBXFrameworksBuildPhase;
			buildActionMask = 2147483647;
			files = (
			);
			runOnlyForDeploymentPostprocessing = 0;
		};
		9913603922AF989200B8B8CB /* Frameworks */ = {
			isa = PBXFrameworksBuildPhase;
			buildActionMask = 2147483647;
			files = (
			);
			runOnlyForDeploymentPostprocessing = 0;
		};
/* End PBXFrameworksBuildPhase section */

/* Begin PBXGroup section */
		9913601022AF989100B8B8CB = {
			isa = PBXGroup;
			children = (
				9913601B22AF989100B8B8CB /* GCDPerform */,
				9913603422AF989200B8B8CB /* GCDPerformTests */,
				9913603F22AF989200B8B8CB /* GCDPerformUITests */,
				9913601A22AF989100B8B8CB /* Products */,
			);
			sourceTree = "<group>";
		};
		9913601A22AF989100B8B8CB /* Products */ = {
			isa = PBXGroup;
			children = (
				9913601922AF989100B8B8CB /* GCDPerform.app */,
				9913603122AF989200B8B8CB /* GCDPerformTests.xctest */,
				9913603C22AF989200B8B8CB /* GCDPerformUITests.xctest */,
			);
			name = Products;
			sourceTree = "<group>";
		};
		9913601B22AF989100B8B8CB /* GCDPerform */ = {
			isa = PBXGroup;
			children = (
				9913601C22AF989100B8B8CB /* AppDelegate.h */,
				9913601D22AF989100B8B8CB /* AppDelegate.m */,
				9913601F22AF989100B8B8CB /* ViewController.h */,
				9913602022AF989100B8B8CB /* ViewController.m */,
				9913602222AF989100B8B8CB /* Main.storyboard */,
				9913602522AF989200B8B8CB /* Assets.xcassets */,
				9913602722AF989200B8B8CB /* LaunchScreen.storyboard */,
				9913602A22AF989200B8B8CB /* Info.plist */,
				9913602B22AF989200B8B8CB /* main.m */,
			);
			path = GCDPerform;
			sourceTree = "<group>";
		};
		9913603422AF989200B8B8CB /* GCDPerformTests */ = {
			isa = PBXGroup;
			children = (
				9913603522AF989200B8B8CB /* GCDPerformTests.m */,
				9913603722AF989200B8B8CB /* Info.plist */,
			);
			path = GCDPerformTests;
			sourceTree = "<group>";
		};
		9913603F22AF989200B8B8CB /* GCDPerformUITests */ = {
			isa = PBXGroup;
			children = (
				9913604022AF989200B8B8CB /* GCDPerformUITests.m */,
				9913604222AF989200B8B8CB /* Info.plist */,
			);
			path = GCDPerformUITests;
			sourceTree = "<group>";
		};
/* End PBXGroup section */

/* Begin PBXNativeTarget section */
		9913601822AF989100B8B8CB /* GCDPerform */ = {
			isa = PBXNativeTarget;
			buildConfigurationList = 9913604522AF989200B8B8CB /* Build configuration list for PBXNativeTarget "GCDPerform" */;
			buildPhases = (
				9913601522AF989100B8B8CB /* Sources */,
				9913601622AF989100B8B8CB /* Frameworks */,
				9913601722AF989100B8B8CB /* Resources */,
			);
			buildRules = (
			);
			dependencies = (
			);
			name = GCDPerform;
			productName = GCDPerform;
			productReference = 9913601922AF989100B8B8CB /* GCDPerform.app */;
			productType = "com.apple.product-type.application";
		};
		9913603022AF989200B8B8CB /* GCDPerformTests */ = {
			isa = PBXNativeTarget;
			buildConfigurationList = 9913604822AF989200B8B8CB /* Build configuration list for PBXNativeTarget "GCDPerformTests" */;
			buildPhases = (
				9913602D22AF989200B8B8CB /* Sources */,
				9913602E22AF989200B8B8CB /* Frameworks */,
				9913602F22AF989200B8B8CB /* Resources */,
			);
			buildRules = (
			);
			dependencies = (
				9913603322AF989200B8B8CB /* PBXTargetDependency */,
			);
			name = GCDPerformTests;
			productName = GCDPerformTests;
			productReference = 9913603122AF989200B8B8CB /* GCDPerformTests.xctest */;
			productType = "com.apple.product-type.bundle.unit-test";
		};
		9913603B22AF989200B8B8CB /* GCDPerformUITests */ = {
			isa = PBXNativeTarget;
			buildConfigurationList = 9913604B22AF989200B8B8CB /* Build configuration list for PBXNativeTarget "GCDPerformUITests" */;
			buildPhases = (
				9913603822AF989200B8B8CB /* Sources */,
				9913603922AF989200B8B8CB /* Frameworks */,
				9913603A22AF989200B8B8CB /* Resources */,
			);
			buildRules = (
			);
			dependencies = (
				9913603E22AF989200B8B8CB /* PBXTargetDependency */,
			);
			name = GCDPerformUITests;
			productName = GCDPerformUITests;
			productReference = 9913603C22AF989200B8B8CB /* GCDPerformUITests.xctest */;
			productType = "com.apple.product-type.bundle.ui-testing";
		};
/* End PBXNativeTarget section */

/* Begin PBXProject section */
		9913601122AF989100B8B8CB /* Project object */ = {
			isa = PBXProject;
			attributes = {
				LastUpgradeCheck = 1020;
				ORGANIZATIONNAME = lijinglun;
				TargetAttributes = {
					9913601822AF989100B8B8CB = {
						CreatedOnToolsVersion = 10.2.1;
					};
					9913603022AF989200B8B8CB = {
						CreatedOnToolsVersion = 10.2.1;
						TestTargetID = 9913601822AF989100B8B8CB;
					};
					9913603B22AF989200B8B8CB = {
						CreatedOnToolsVersion = 10.2.1;
						TestTargetID = 9913601822AF989100B8B8CB;
					};
				};
			};
			buildConfigurationList = 9913601422AF989100B8B8CB /* Build configuration list for PBXProject "GCDPerform" */;
			compatibilityVersion = "Xcode 9.3";
			developmentRegion = en;
			hasScannedForEncodings = 0;
			knownRegions = (
				en,
				Base,
			);
			mainGroup = 9913601022AF989100B8B8CB;
			productRefGroup = 9913601A22AF989100B8B8CB /* Products */;
			projectDirPath = "";
			projectRoot = "";
			targets = (
				9913601822AF989100B8B8CB /* GCDPerform */,
				9913603022AF989200B8B8CB /* GCDPerformTests */,
				9913603B22AF989200B8B8CB /* GCDPerformUITests */,
			);
		};
/* End PBXProject section */

/* Begin PBXResourcesBuildPhase section */
		9913601722AF989100B8B8CB /* Resources */ = {
			isa = PBXResourcesBuildPhase;
			buildActionMask = 2147483647;
			files = (
				9913602922AF989200B8B8CB /* LaunchScreen.storyboard in Resources */,
				9913602622AF989200B8B8CB /* Assets.xcassets in Resources */,
				9913602422AF989100B8B8CB /* Main.storyboard in Resources */,
			);
			runOnlyForDeploymentPostprocessing = 0;
		};
		9913602F22AF989200B8B8CB /* Resources */ = {
			isa = PBXResourcesBuildPhase;
			buildActionMask = 2147483647;
			files = (
			);
			runOnlyForDeploymentPostprocessing = 0;
		};
		9913603A22AF989200B8B8CB /* Resources */ = {
			isa = PBXResourcesBuildPhase;
			buildActionMask = 2147483647;
			files = (
			);
			runOnlyForDeploymentPostprocessing = 0;
		};
/* End PBXResourcesBuildPhase section */

/* Begin PBXSourcesBuildPhase section */
		9913601522AF989100B8B8CB /* Sources */ = {
			isa = PBXSourcesBuildPhase;
			buildActionMask = 2147483647;
			files = (
				9913602122AF989100B8B8CB /* ViewController.m in Sources */,
				9913602C22AF989200B8B8CB /* main.m in Sources */,
				9913601E22AF989100B8B8CB /* AppDelegate.m in Sources */,
			);
			runOnlyForDeploymentPostprocessing = 0;
		};
		9913602D22AF989200B8B8CB /* Sources */ = {
			isa = PBXSourcesBuildPhase;
			buildActionMask = 2147483647;
			files = (
				9913603622AF989200B8B8CB /* GCDPerformTests.m in Sources */,
			);
			runOnlyForDeploymentPostprocessing = 0;
		};
		9913603822AF989200B8B8CB /* Sources */ = {
			isa = PBXSourcesBuildPhase;
			buildActionMask = 2147483647;
			files = (
				9913604122AF989200B8B8CB /* GCDPerformUITests.m in Sources */,
			);
			runOnlyForDeploymentPostprocessing = 0;
		};
/* End PBXSourcesBuildPhase section */

/* Begin PBXTargetDependency section */
		9913603322AF989200B8B8CB /* PBXTargetDependency */ = {
			isa = PBXTargetDependency;
			target = 9913601822AF989100B8B8CB /* GCDPerform */;
			targetProxy = 9913603222AF989200B8B8CB /* PBXContainerItemProxy */;
		};
		9913603E22AF989200B8B8CB /* PBXTargetDependency */ = {
			isa = PBXTargetDependency;
			target = 9913601822AF989100B8B8CB /* GCDPerform */;
			targetProxy = 9913603D22AF989200B8B8CB /* PBXContainerItemProxy */;
		};
/* End PBXTargetDependency section */

/* Begin PBXVariantGroup section */
		9913602222AF989100B8B8CB /* Main.storyboard */ = {
			isa = PBXVariantGroup;
			children = (
				9913602322AF989100B8B8CB /* Base */,
			);
			name = Main.storyboard;
			sourceTree = "<group>";
		};
		9913602722AF989200B8B8CB /* LaunchScreen.storyboard */ = {
			isa = PBXVariantGroup;
			children = (
				9913602822AF989200B8B8CB /* Base */,
			);
			name = LaunchScreen.storyboard;
			sourceTree = "<group>";
		};
/* End PBXVariantGroup section */

/* Begin XCBuildConfiguration section */
		9913604322AF989200B8B8CB /* Debug */ = {
			isa = XCBuildConfiguration;
			buildSettings = {
				ALWAYS_SEARCH_USER_PATHS = NO;
				CLANG_ANALYZER_NONNULL = YES;
				CLANG_ANALYZER_NUMBER_OBJECT_CONVERSION = YES_AGGRESSIVE;
				CLANG_CXX_LANGUAGE_STANDARD = "gnu++14";
				CLANG_CXX_LIBRARY = "libc++";
				CLANG_ENABLE_MODULES = YES;
				CLANG_ENABLE_OBJC_ARC = YES;
				CLANG_ENABLE_OBJC_WEAK = YES;
				CLANG_WARN_BLOCK_CAPTURE_AUTORELEASING = YES;
				CLANG_WARN_BOOL_CONVERSION = YES;
				CLANG_WARN_COMMA = YES;
				CLANG_WARN_CONSTANT_CONVERSION = YES;
				CLANG_WARN_DEPRECATED_OBJC_IMPLEMENTATIONS = YES;
				CLANG_WARN_DIRECT_OBJC_ISA_USAGE = YES_ERROR;
				CLANG_WARN_DOCUMENTATION_COMMENTS = YES;
				CLANG_WARN_EMPTY_BODY = YES;
				CLANG_WARN_ENUM_CONVERSION = YES;
				CLANG_WARN_INFINITE_RECURSION = YES;
				CLANG_WARN_INT_CONVERSION = YES;
				CLANG_WARN_NON_LITERAL_NULL_CONVERSION = YES;
				CLANG_WARN_OBJC_IMPLICIT_RETAIN_SELF = YES;
				CLANG_WARN_OBJC_LITERAL_CONVERSION = YES;
				CLANG_WARN_OBJC_ROOT_CLASS = YES_ERROR;
				CLANG_WARN_RANGE_LOOP_ANALYSIS = YES;
				CLANG_WARN_STRICT_PROTOTYPES = YES;
				CLANG_WARN_SUSPICIOUS_MOVE = YES;
				CLANG_WARN_UNGUARDED_AVAILABILITY = YES_AGGRESSIVE;
				CLANG_WARN_UNREACHABLE_CODE = YES;
				CLANG_WARN__DUPLICATE_METHOD_MATCH = YES;
				CODE_SIGN_IDENTITY = "iPhone Developer";
				COPY_PHASE_STRIP = NO;
				DEBUG_INFORMATION_FORMAT = dwarf;
				ENABLE_STRICT_OBJC_MSGSEND = YES;
				ENABLE_TESTABILITY = YES;
				GCC_C_LANGUAGE_STANDARD = gnu11;
				GCC_DYNAMIC_NO_PIC = NO;
				GCC_NO_COMMON_BLOCKS = YES;
				GCC_OPTIMIZATION_LEVEL = 0;
				GCC_PREPROCESSOR_DEFINITIONS = (
					"DEBUG=1",
					"$(inherited)",
				);
				GCC_WARN_64_TO_32_BIT_CONVERSION = YES;
				GCC_WARN_ABOUT_RETURN_TYPE = YES_ERROR;
				GCC_WARN_UNDECLARED_SELECTOR = YES;
				GCC_WARN_UNINITIALIZED_AUTOS = YES_AGGRESSIVE;
				GCC_WARN_UNUSED_FUNCTION = YES;
				GCC_WARN_UNUSED_VARIABLE = YES;
				IPHONEOS_DEPLOYMENT_TARGET = 12.2;
				MTL_ENABLE_DEBUG_INFO = INCLUDE_SOURCE;
				MTL_FAST_MATH = YES;
				ONLY_ACTIVE_ARCH = YES;
				SDKROOT = iphoneos;
			};
			name = Debug;
		};
		9913604422AF989200B8B8CB /* Release */ = {
			isa = XCBuildConfiguration;
			buildSettings = {
				ALWAYS_SEARCH_USER_PATHS = NO;
				CLANG_ANALYZER_NONNULL = YES;
				CLANG_ANALYZER_NUMBER_OBJECT_CONVERSION = YES_AGGRESSIVE;
				CLANG_CXX_LANGUAGE_STANDARD = "gnu++14";
				CLANG_CXX_LIBRARY = "libc++";
				CLANG_ENABLE_MODULES = YES;
				CLANG_ENABLE_OBJC_ARC = YES;
				CLANG_ENABLE_OBJC_WEAK = YES;
				CLANG_WARN_BLOCK_CAPTURE_AUTORELEASING = YES;
				CLANG_WARN_BOOL_CONVERSION = YES;
				CLANG_WARN_COMMA = YES;
				CLANG_WARN_CONSTANT_CONVERSION = YES;
				CLANG_WARN_DEPRECATED_OBJC_IMPLEMENTATIONS = YES;
				CLANG_WARN_DIRECT_OBJC_ISA_USAGE = YES_ERROR;
				CLANG_WARN_DOCUMENTATION_COMMENTS = YES;
				CLANG_WARN_EMPTY_BODY = YES;
				CLANG_WARN_ENUM_CONVERSION = YES;
				CLANG_WARN_INFINITE_RECURSION = YES;
				CLANG_WARN_INT_CONVERSION = YES;
				CLANG_WARN_NON_LITERAL_NULL_CONVERSION = YES;
				CLANG_WARN_OBJC_IMPLICIT_RETAIN_SELF = YES;
				CLANG_WARN_OBJC_LITERAL_CONVERSION = YES;
				CLANG_WARN_OBJC_ROOT_CLASS = YES_ERROR;
				CLANG_WARN_RANGE_LOOP_ANALYSIS = YES;
				CLANG_WARN_STRICT_PROTOTYPES = YES;
				CLANG_WARN_SUSPICIOUS_MOVE = YES;
				CLANG_WARN_UNGUARDED_AVAILABILITY = YES_AGGRESSIVE;
				CLANG_WARN_UNREACHABLE_CODE = YES;
				CLANG_WARN__DUPLICATE_METHOD_MATCH = YES;
				CODE_SIGN_IDENTITY = "iPhone Developer";
				COPY_PHASE_STRIP = NO;
				DEBUG_INFORMATION_FORMAT = "dwarf-with-dsym";
				ENABLE_NS_ASSERTIONS = NO;
				ENABLE_STRICT_OBJC_MSGSEND = YES;
				GCC_C_LANGUAGE_STANDARD = gnu11;
				GCC_NO_COMMON_BLOCKS = YES;
				GCC_WARN_64_TO_32_BIT_CONVERSION = YES;
				GCC_WARN_ABOUT_RETURN_TYPE = YES_ERROR;
				GCC_WARN_UNDECLARED_SELECTOR = YES;
				GCC_WARN_UNINITIALIZED_AUTOS = YES_AGGRESSIVE;
				GCC_WARN_UNUSED_FUNCTION = YES;
				GCC_WARN_UNUSED_VARIABLE = YES;
				IPHONEOS_DEPLOYMENT_TARGET = 12.2;
				MTL_ENABLE_DEBUG_INFO = NO;
				MTL_FAST_MATH = YES;
				SDKROOT = iphoneos;
				VALIDATE_PRODUCT = YES;
			};
			name = Release;
		};
		9913604622AF989200B8B8CB /* Debug */ = {
			isa = XCBuildConfiguration;
			buildSettings = {
				ASSETCATALOG_COMPILER_APPICON_NAME = AppIcon;
				CODE_SIGN_STYLE = Automatic;
				INFOPLIST_FILE = GCDPerform/Info.plist;
				LD_RUNPATH_SEARCH_PATHS = (
					"$(inherited)",
					"@executable_path/Frameworks",
				);
				PRODUCT_BUNDLE_IDENTIFIER = com.lijinglun.GCDPerform;
				PRODUCT_NAME = "$(TARGET_NAME)";
				TARGETED_DEVICE_FAMILY = "1,2";
			};
			name = Debug;
		};
		9913604722AF989200B8B8CB /* Release */ = {
			isa = XCBuildConfiguration;
			buildSettings = {
				ASSETCATALOG_COMPILER_APPICON_NAME = AppIcon;
				CODE_SIGN_STYLE = Automatic;
				INFOPLIST_FILE = GCDPerform/Info.plist;
				LD_RUNPATH_SEARCH_PATHS = (
					"$(inherited)",
					"@executable_path/Frameworks",
				);
				PRODUCT_BUNDLE_IDENTIFIER = com.lijinglun.GCDPerform;
				PRODUCT_NAME = "$(TARGET_NAME)";
				TARGETED_DEVICE_FAMILY = "1,2";
			};
			name = Release;
		};
		9913604922AF989200B8B8CB /* Debug */ = {
			isa = XCBuildConfiguration;
			buildSettings = {
				BUNDLE_LOADER = "$(TEST_HOST)";
				CODE_SIGN_STYLE = Automatic;
				INFOPLIST_FILE = GCDPerformTests/Info.plist;
				LD_RUNPATH_SEARCH_PATHS = (
					"$(inherited)",
					"@executable_path/Frameworks",
					"@loader_path/Frameworks",
				);
				PRODUCT_BUNDLE_IDENTIFIER = com.lijinglun.GCDPerformTests;
				PRODUCT_NAME = "$(TARGET_NAME)";
				TARGETED_DEVICE_FAMILY = "1,2";
				TEST_HOST = "$(BUILT_PRODUCTS_DIR)/GCDPerform.app/GCDPerform";
			};
			name = Debug;
		};
		9913604A22AF989200B8B8CB /* Release */ = {
			isa = XCBuildConfiguration;
			buildSettings = {
				BUNDLE_LOADER = "$(TEST_HOST)";
				CODE_SIGN_STYLE = Automatic;
				INFOPLIST_FILE = GCDPerformTests/Info.plist;
				LD_RUNPATH_SEARCH_PATHS = (
					"$(inherited)",
					"@executable_path/Frameworks",
					"@loader_path/Frameworks",
				);
				PRODUCT_BUNDLE_IDENTIFIER = com.lijinglun.GCDPerformTests;
				PRODUCT_NAME = "$(TARGET_NAME)";
				TARGETED_DEVICE_FAMILY = "1,2";
				TEST_HOST = "$(BUILT_PRODUCTS_DIR)/GCDPerform.app/GCDPerform";
			};
			name = Release;
		};
		9913604C22AF989200B8B8CB /* Debug */ = {
			isa = XCBuildConfiguration;
			buildSettings = {
				CODE_SIGN_STYLE = Automatic;
				INFOPLIST_FILE = GCDPerformUITests/Info.plist;
				LD_RUNPATH_SEARCH_PATHS = (
					"$(inherited)",
					"@executable_path/Frameworks",
					"@loader_path/Frameworks",
				);
				PRODUCT_BUNDLE_IDENTIFIER = com.lijinglun.GCDPerformUITests;
				PRODUCT_NAME = "$(TARGET_NAME)";
				TARGETED_DEVICE_FAMILY = "1,2";
				TEST_TARGET_NAME = GCDPerform;
			};
			name = Debug;
		};
		9913604D22AF989200B8B8CB /* Release */ = {
			isa = XCBuildConfiguration;
			buildSettings = {
				CODE_SIGN_STYLE = Automatic;
				INFOPLIST_FILE = GCDPerformUITests/Info.plist;
				LD_RUNPATH_SEARCH_PATHS = (
					"$(inherited)",
					"@executable_path/Frameworks",
					"@loader_path/Frameworks",
				);
				PRODUCT_BUNDLE_IDENTIFIER = com.lijinglun.GCDPerformUITests;
				PRODUCT_NAME = "$(TARGET_NAME)";
				TARGETED_DEVICE_FAMILY = "1,2";
				TEST_TARGET_NAME = GCDPerform;
			};
			name = Release;
		};
/* End XCBuildConfiguration section */

/* Begin XCConfigurationList section */
		9913601422AF989100B8B8CB /* Build configuration list for PBXProject "GCDPerform" */ = {
			isa = XCConfigurationList;
			buildConfigurations = (
				9913604322AF989200B8B8CB /* Debug */,
				9913604422AF989200B8B8CB /* Release */,
			);
			defaultConfigurationIsVisible = 0;
			defaultConfigurationName = Release;
		};
		9913604522AF989200B8B8CB /* Build configuration list for PBXNativeTarget "GCDPerform" */ = {
			isa = XCConfigurationList;
			buildConfigurations = (
				9913604622AF989200B8B8CB /* Debug */,
				9913604722AF989200B8B8CB /* Release */,
			);
			defaultConfigurationIsVisible = 0;
			defaultConfigurationName = Release;
		};
		9913604822AF989200B8B8CB /* Build configuration list for PBXNativeTarget "GCDPerformTests" */ = {
			isa = XCConfigurationList;
			buildConfigurations = (
				9913604922AF989200B8B8CB /* Debug */,
				9913604A22AF989200B8B8CB /* Release */,
			);
			defaultConfigurationIsVisible = 0;
			defaultConfigurationName = Release;
		};
		9913604B22AF989200B8B8CB /* Build configuration list for PBXNativeTarget "GCDPerformUITests" */ = {
			isa = XCConfigurationList;
			buildConfigurations = (
				9913604C22AF989200B8B8CB /* Debug */,
				9913604D22AF989200B8B8CB /* Release */,
			);
			defaultConfigurationIsVisible = 0;
			defaultConfigurationName = Release;
		};
/* End XCConfigurationList section */
	};
	rootObject = 9913601122AF989100B8B8CB /* Project object */;
}
